
Microsoft Visual Studio Solution File, Format Version 12.00
# Visual Studio Version 17
VisualStudioVersion = 17.0.32112.339
MinimumVisualStudioVersion = 10.0.40219.1
Project("{9A19103F-16F7-4668-BE54-9A1E7A4F7556}") = "MicroShop.Utility", "Utility\MicroShop.Utility.csproj", "{44CAD205-CB1F-4964-B3DE-951DA1A567E1}"
EndProject
Project("{9A19103F-16F7-4668-BE54-9A1E7A4F7556}") = "MicroShop.IDAL", "IDAL\MicroShop.IDAL.csproj", "{0D979B7E-36BF-4F4E-B24F-625C7FD8319E}"
EndProject
Project("{9A19103F-16F7-4668-BE54-9A1E7A4F7556}") = "MicroShop.BLL", "BLL\MicroShop.BLL.csproj", "{E0F2D094-0CCF-43AF-B35B-B9DC98052175}"
EndProject
Project("{9A19103F-16F7-4668-BE54-9A1E7A4F7556}") = "MicroShop.DALFactory", "DALFactory\MicroShop.DALFactory.csproj", "{928A5E47-5873-4957-BA2E-65FAD01F31B7}"
EndProject
Project("{9A19103F-16F7-4668-BE54-9A1E7A4F7556}") = "MicroShop.WebApi", "Web\WebApi\MicroShop.WebApi.csproj", "{A4FFFEB6-8CFC-4521-B824-1120D12C4A31}"
EndProject
Project("{9A19103F-16F7-4668-BE54-9A1E7A4F7556}") = "MicroShop.SQLServerDAL", "SQLServerDAL\MicroShop.SQLServerDAL.csproj", "{7C03B44A-47F5-4A39-8B34-1109C91F01AB}"
EndProject
Project("{9A19103F-16F7-4668-BE54-9A1E7A4F7556}") = "MicroShop.Entity", "Entity\MicroShop.Entity.csproj", "{81EDD377-443B-434C-B218-7F9F0D9579D7}"
EndProject
Project("{9A19103F-16F7-4668-BE54-9A1E7A4F7556}") = "MicroShop.AppCommon", "AppCommon\MicroShop.AppCommon.csproj", "{99738F96-6352-489F-B5C6-64E6873BC590}"
EndProject
Project("{FAE04EC0-301F-11D3-BF4B-00C04F79EFBC}") = "MicroShop.WinFormApp", "WinFormApp\MicroShop.WinFormApp.csproj", "{8E658C02-D567-486E-BAC6-2E2EEDB1A9C3}"
EndProject
Project("{FAE04EC0-301F-11D3-BF4B-00C04F79EFBC}") = "MicroShop.Enum", "Enum\MicroShop.Enum.csproj", "{B99D096C-0B60-47E9-A764-5DFF95EDBD46}"
EndProject
Project("{FAE04EC0-301F-11D3-BF4B-00C04F79EFBC}") = "MicroShop.Model", "Model\MicroShop.Model.csproj", "{6F3D7455-AC2A-401C-AADC-E20C1D07307F}"
EndProject
Global
	GlobalSection(SolutionConfigurationPlatforms) = preSolution
		Debug|Any CPU = Debug|Any CPU
		Release|Any CPU = Release|Any CPU
	EndGlobalSection
	GlobalSection(ProjectConfigurationPlatforms) = postSolution
		{44CAD205-CB1F-4964-B3DE-951DA1A567E1}.Debug|Any CPU.ActiveCfg = Debug|Any CPU
		{44CAD205-CB1F-4964-B3DE-951DA1A567E1}.Debug|Any CPU.Build.0 = Debug|Any CPU
		{44CAD205-CB1F-4964-B3DE-951DA1A567E1}.Release|Any CPU.ActiveCfg = Release|Any CPU
		{44CAD205-CB1F-4964-B3DE-951DA1A567E1}.Release|Any CPU.Build.0 = Release|Any CPU
		{0D979B7E-36BF-4F4E-B24F-625C7FD8319E}.Debug|Any CPU.ActiveCfg = Debug|Any CPU
		{0D979B7E-36BF-4F4E-B24F-625C7FD8319E}.Debug|Any CPU.Build.0 = Debug|Any CPU
		{0D979B7E-36BF-4F4E-B24F-625C7FD8319E}.Release|Any CPU.ActiveCfg = Release|Any CPU
		{0D979B7E-36BF-4F4E-B24F-625C7FD8319E}.Release|Any CPU.Build.0 = Release|Any CPU
		{E0F2D094-0CCF-43AF-B35B-B9DC98052175}.Debug|Any CPU.ActiveCfg = Debug|Any CPU
		{E0F2D094-0CCF-43AF-B35B-B9DC98052175}.Debug|Any CPU.Build.0 = Debug|Any CPU
		{E0F2D094-0CCF-43AF-B35B-B9DC98052175}.Release|Any CPU.ActiveCfg = Release|Any CPU
		{E0F2D094-0CCF-43AF-B35B-B9DC98052175}.Release|Any CPU.Build.0 = Release|Any CPU
		{928A5E47-5873-4957-BA2E-65FAD01F31B7}.Debug|Any CPU.ActiveCfg = Debug|Any CPU
		{928A5E47-5873-4957-BA2E-65FAD01F31B7}.Debug|Any CPU.Build.0 = Debug|Any CPU
		{928A5E47-5873-4957-BA2E-65FAD01F31B7}.Release|Any CPU.ActiveCfg = Release|Any CPU
		{928A5E47-5873-4957-BA2E-65FAD01F31B7}.Release|Any CPU.Build.0 = Release|Any CPU
		{A4FFFEB6-8CFC-4521-B824-1120D12C4A31}.Debug|Any CPU.ActiveCfg = Debug|Any CPU
		{A4FFFEB6-8CFC-4521-B824-1120D12C4A31}.Debug|Any CPU.Build.0 = Debug|Any CPU
		{A4FFFEB6-8CFC-4521-B824-1120D12C4A31}.Release|Any CPU.ActiveCfg = Release|Any CPU
		{A4FFFEB6-8CFC-4521-B824-1120D12C4A31}.Release|Any CPU.Build.0 = Release|Any CPU
		{7C03B44A-47F5-4A39-8B34-1109C91F01AB}.Debug|Any CPU.ActiveCfg = Debug|Any CPU
		{7C03B44A-47F5-4A39-8B34-1109C91F01AB}.Debug|Any CPU.Build.0 = Debug|Any CPU
		{7C03B44A-47F5-4A39-8B34-1109C91F01AB}.Release|Any CPU.ActiveCfg = Release|Any CPU
		{7C03B44A-47F5-4A39-8B34-1109C91F01AB}.Release|Any CPU.Build.0 = Release|Any CPU
		{81EDD377-443B-434C-B218-7F9F0D9579D7}.Debug|Any CPU.ActiveCfg = Debug|Any CPU
		{81EDD377-443B-434C-B218-7F9F0D9579D7}.Debug|Any CPU.Build.0 = Debug|Any CPU
		{81EDD377-443B-434C-B218-7F9F0D9579D7}.Release|Any CPU.ActiveCfg = Release|Any CPU
		{81EDD377-443B-434C-B218-7F9F0D9579D7}.Release|Any CPU.Build.0 = Release|Any CPU
		{99738F96-6352-489F-B5C6-64E6873BC590}.Debug|Any CPU.ActiveCfg = Debug|Any CPU
		{99738F96-6352-489F-B5C6-64E6873BC590}.Debug|Any CPU.Build.0 = Debug|Any CPU
		{99738F96-6352-489F-B5C6-64E6873BC590}.Release|Any CPU.ActiveCfg = Release|Any CPU
		{99738F96-6352-489F-B5C6-64E6873BC590}.Release|Any CPU.Build.0 = Release|Any CPU
		{8E658C02-D567-486E-BAC6-2E2EEDB1A9C3}.Debug|Any CPU.ActiveCfg = Debug|Any CPU
		{8E658C02-D567-486E-BAC6-2E2EEDB1A9C3}.Debug|Any CPU.Build.0 = Debug|Any CPU
		{8E658C02-D567-486E-BAC6-2E2EEDB1A9C3}.Release|Any CPU.ActiveCfg = Release|Any CPU
		{8E658C02-D567-486E-BAC6-2E2EEDB1A9C3}.Release|Any CPU.Build.0 = Release|Any CPU
		{B99D096C-0B60-47E9-A764-5DFF95EDBD46}.Debug|Any CPU.ActiveCfg = Debug|Any CPU
		{B99D096C-0B60-47E9-A764-5DFF95EDBD46}.Debug|Any CPU.Build.0 = Debug|Any CPU
		{B99D096C-0B60-47E9-A764-5DFF95EDBD46}.Release|Any CPU.ActiveCfg = Release|Any CPU
		{B99D096C-0B60-47E9-A764-5DFF95EDBD46}.Release|Any CPU.Build.0 = Release|Any CPU
		{6F3D7455-AC2A-401C-AADC-E20C1D07307F}.Debug|Any CPU.ActiveCfg = Debug|Any CPU
		{6F3D7455-AC2A-401C-AADC-E20C1D07307F}.Debug|Any CPU.Build.0 = Debug|Any CPU
		{6F3D7455-AC2A-401C-AADC-E20C1D07307F}.Release|Any CPU.ActiveCfg = Release|Any CPU
		{6F3D7455-AC2A-401C-AADC-E20C1D07307F}.Release|Any CPU.Build.0 = Release|Any CPU
	EndGlobalSection
	GlobalSection(SolutionProperties) = preSolution
		HideSolutionNode = FALSE
	EndGlobalSection
	GlobalSection(ExtensibilityGlobals) = postSolution
		SolutionGuid = {A0BE2C84-A67C-4352-822B-053DE5BC22A4}
	EndGlobalSection
EndGlobal
