
Microsoft Visual Studio Solution File, Format Version 12.00
# Visual Studio Version 16
VisualStudioVersion = 16.0.31624.102
MinimumVisualStudioVersion = 10.0.40219.1
Project("{9A19103F-16F7-4668-BE54-9A1E7A4F7556}") = "MicroShop.Product.Model", "Product\Model\MicroShop.Product.Model.csproj", "{B3A35F5E-7695-4062-A8D5-16FA822EDBD5}"
EndProject
Project("{9A19103F-16F7-4668-BE54-9A1E7A4F7556}") = "MicroShop.Product.Enums", "Product\Enums\MicroShop.Product.Enums.csproj", "{8023334B-1CF6-44D5-993D-C8C7A6E59CF9}"
EndProject
Project("{9A19103F-16F7-4668-BE54-9A1E7A4F7556}") = "MicroShop.Product.IService", "Product\IService\MicroShop.Product.IService.csproj", "{D59C1740-EDD5-462A-8BF4-8F55448BC716}"
EndProject
Project("{FAE04EC0-301F-11D3-BF4B-00C04F79EFBC}") = "MicroShop.Product.Entity", "Product\Entity\MicroShop.Product.Entity.csproj", "{167FB9AD-26A4-43A9-822B-EBF4BB6F4249}"
EndProject
Project("{FAE04EC0-301F-11D3-BF4B-00C04F79EFBC}") = "MicroShop.Utility.Common", "Utility\Common\MicroShop.Utility.Common.csproj", "{4018EDC0-255B-47A7-A82C-E4393C1D1C9D}"
EndProject
Global
	GlobalSection(SolutionConfigurationPlatforms) = preSolution
		Debug|Any CPU = Debug|Any CPU
		Release|Any CPU = Release|Any CPU
	EndGlobalSection
	GlobalSection(ProjectConfigurationPlatforms) = postSolution
		{B3A35F5E-7695-4062-A8D5-16FA822EDBD5}.Debug|Any CPU.ActiveCfg = Debug|Any CPU
		{B3A35F5E-7695-4062-A8D5-16FA822EDBD5}.Debug|Any CPU.Build.0 = Debug|Any CPU
		{B3A35F5E-7695-4062-A8D5-16FA822EDBD5}.Release|Any CPU.ActiveCfg = Release|Any CPU
		{B3A35F5E-7695-4062-A8D5-16FA822EDBD5}.Release|Any CPU.Build.0 = Release|Any CPU
		{8023334B-1CF6-44D5-993D-C8C7A6E59CF9}.Debug|Any CPU.ActiveCfg = Debug|Any CPU
		{8023334B-1CF6-44D5-993D-C8C7A6E59CF9}.Debug|Any CPU.Build.0 = Debug|Any CPU
		{8023334B-1CF6-44D5-993D-C8C7A6E59CF9}.Release|Any CPU.ActiveCfg = Release|Any CPU
		{8023334B-1CF6-44D5-993D-C8C7A6E59CF9}.Release|Any CPU.Build.0 = Release|Any CPU
		{D59C1740-EDD5-462A-8BF4-8F55448BC716}.Debug|Any CPU.ActiveCfg = Debug|Any CPU
		{D59C1740-EDD5-462A-8BF4-8F55448BC716}.Debug|Any CPU.Build.0 = Debug|Any CPU
		{D59C1740-EDD5-462A-8BF4-8F55448BC716}.Release|Any CPU.ActiveCfg = Release|Any CPU
		{D59C1740-EDD5-462A-8BF4-8F55448BC716}.Release|Any CPU.Build.0 = Release|Any CPU
		{167FB9AD-26A4-43A9-822B-EBF4BB6F4249}.Debug|Any CPU.ActiveCfg = Debug|Any CPU
		{167FB9AD-26A4-43A9-822B-EBF4BB6F4249}.Debug|Any CPU.Build.0 = Debug|Any CPU
		{167FB9AD-26A4-43A9-822B-EBF4BB6F4249}.Release|Any CPU.ActiveCfg = Release|Any CPU
		{167FB9AD-26A4-43A9-822B-EBF4BB6F4249}.Release|Any CPU.Build.0 = Release|Any CPU
		{4018EDC0-255B-47A7-A82C-E4393C1D1C9D}.Debug|Any CPU.ActiveCfg = Debug|Any CPU
		{4018EDC0-255B-47A7-A82C-E4393C1D1C9D}.Debug|Any CPU.Build.0 = Debug|Any CPU
		{4018EDC0-255B-47A7-A82C-E4393C1D1C9D}.Release|Any CPU.ActiveCfg = Release|Any CPU
		{4018EDC0-255B-47A7-A82C-E4393C1D1C9D}.Release|Any CPU.Build.0 = Release|Any CPU
	EndGlobalSection
	GlobalSection(SolutionProperties) = preSolution
		HideSolutionNode = FALSE
	EndGlobalSection
	GlobalSection(ExtensibilityGlobals) = postSolution
		SolutionGuid = {A0BE2C84-A67C-4352-822B-053DE5BC22A4}
	EndGlobalSection
EndGlobal
